
Microsoft Visual Studio Solution File, Format Version 12.00
# Visual Studio 15
VisualStudioVersion = 15.0.27130.2024
MinimumVisualStudioVersion = 10.0.40219.1
Project("{FAE04EC0-301F-11D3-BF4B-00C04F79EFBC}") = "BH_API", "BH_API\BH_API.csproj", "{0DB3CF6B-3848-4240-B3D3-DF7120C637FA}"
EndProject
Project("{FAE04EC0-301F-11D3-BF4B-00C04F79EFBC}") = "BLL", "BLL\BLL.csproj", "{2B2F72F9-230A-42D7-83EB-416C7A61D6AA}"
EndProject
Project("{FAE04EC0-301F-11D3-BF4B-00C04F79EFBC}") = "DAL", "DAL\DAL.csproj", "{8D2853E9-558A-4681-BEA0-A75624B0706B}"
EndProject
Project("{FAE04EC0-301F-11D3-BF4B-00C04F79EFBC}") = "DTO", "DTO\DTO.csproj", "{D95D473B-19EB-4700-9A78-C37E68273172}"
EndProject
Global
	GlobalSection(SolutionConfigurationPlatforms) = preSolution
		Debug|Any CPU = Debug|Any CPU
		Release|Any CPU = Release|Any CPU
		sari|Any CPU = sari|Any CPU
		TB|Any CPU = TB|Any CPU
		tt|Any CPU = tt|Any CPU
	EndGlobalSection
	GlobalSection(ProjectConfigurationPlatforms) = postSolution
		{0DB3CF6B-3848-4240-B3D3-DF7120C637FA}.Debug|Any CPU.ActiveCfg = Debug|Any CPU
		{0DB3CF6B-3848-4240-B3D3-DF7120C637FA}.Debug|Any CPU.Build.0 = Debug|Any CPU
		{0DB3CF6B-3848-4240-B3D3-DF7120C637FA}.Release|Any CPU.ActiveCfg = Release|Any CPU
		{0DB3CF6B-3848-4240-B3D3-DF7120C637FA}.Release|Any CPU.Build.0 = Release|Any CPU
		{0DB3CF6B-3848-4240-B3D3-DF7120C637FA}.sari|Any CPU.ActiveCfg = sari|Any CPU
		{0DB3CF6B-3848-4240-B3D3-DF7120C637FA}.sari|Any CPU.Build.0 = sari|Any CPU
		{0DB3CF6B-3848-4240-B3D3-DF7120C637FA}.TB|Any CPU.ActiveCfg = TB|Any CPU
		{0DB3CF6B-3848-4240-B3D3-DF7120C637FA}.TB|Any CPU.Build.0 = TB|Any CPU
		{0DB3CF6B-3848-4240-B3D3-DF7120C637FA}.tt|Any CPU.ActiveCfg = tt|Any CPU
		{0DB3CF6B-3848-4240-B3D3-DF7120C637FA}.tt|Any CPU.Build.0 = tt|Any CPU
		{2B2F72F9-230A-42D7-83EB-416C7A61D6AA}.Debug|Any CPU.ActiveCfg = Debug|Any CPU
		{2B2F72F9-230A-42D7-83EB-416C7A61D6AA}.Debug|Any CPU.Build.0 = Debug|Any CPU
		{2B2F72F9-230A-42D7-83EB-416C7A61D6AA}.Release|Any CPU.ActiveCfg = Release|Any CPU
		{2B2F72F9-230A-42D7-83EB-416C7A61D6AA}.Release|Any CPU.Build.0 = Release|Any CPU
		{2B2F72F9-230A-42D7-83EB-416C7A61D6AA}.sari|Any CPU.ActiveCfg = sari|Any CPU
		{2B2F72F9-230A-42D7-83EB-416C7A61D6AA}.sari|Any CPU.Build.0 = sari|Any CPU
		{2B2F72F9-230A-42D7-83EB-416C7A61D6AA}.TB|Any CPU.ActiveCfg = TB|Any CPU
		{2B2F72F9-230A-42D7-83EB-416C7A61D6AA}.TB|Any CPU.Build.0 = TB|Any CPU
		{2B2F72F9-230A-42D7-83EB-416C7A61D6AA}.tt|Any CPU.ActiveCfg = tt|Any CPU
		{2B2F72F9-230A-42D7-83EB-416C7A61D6AA}.tt|Any CPU.Build.0 = tt|Any CPU
		{8D2853E9-558A-4681-BEA0-A75624B0706B}.Debug|Any CPU.ActiveCfg = Debug|Any CPU
		{8D2853E9-558A-4681-BEA0-A75624B0706B}.Debug|Any CPU.Build.0 = Debug|Any CPU
		{8D2853E9-558A-4681-BEA0-A75624B0706B}.Release|Any CPU.ActiveCfg = Release|Any CPU
		{8D2853E9-558A-4681-BEA0-A75624B0706B}.Release|Any CPU.Build.0 = Release|Any CPU
		{8D2853E9-558A-4681-BEA0-A75624B0706B}.sari|Any CPU.ActiveCfg = sari|Any CPU
		{8D2853E9-558A-4681-BEA0-A75624B0706B}.sari|Any CPU.Build.0 = sari|Any CPU
		{8D2853E9-558A-4681-BEA0-A75624B0706B}.TB|Any CPU.ActiveCfg = TB|Any CPU
		{8D2853E9-558A-4681-BEA0-A75624B0706B}.TB|Any CPU.Build.0 = TB|Any CPU
		{8D2853E9-558A-4681-BEA0-A75624B0706B}.tt|Any CPU.ActiveCfg = tt|Any CPU
		{8D2853E9-558A-4681-BEA0-A75624B0706B}.tt|Any CPU.Build.0 = tt|Any CPU
		{D95D473B-19EB-4700-9A78-C37E68273172}.Debug|Any CPU.ActiveCfg = Debug|Any CPU
		{D95D473B-19EB-4700-9A78-C37E68273172}.Debug|Any CPU.Build.0 = Debug|Any CPU
		{D95D473B-19EB-4700-9A78-C37E68273172}.Release|Any CPU.ActiveCfg = Release|Any CPU
		{D95D473B-19EB-4700-9A78-C37E68273172}.Release|Any CPU.Build.0 = Release|Any CPU
		{D95D473B-19EB-4700-9A78-C37E68273172}.sari|Any CPU.ActiveCfg = sari|Any CPU
		{D95D473B-19EB-4700-9A78-C37E68273172}.sari|Any CPU.Build.0 = sari|Any CPU
		{D95D473B-19EB-4700-9A78-C37E68273172}.TB|Any CPU.ActiveCfg = TB|Any CPU
		{D95D473B-19EB-4700-9A78-C37E68273172}.TB|Any CPU.Build.0 = TB|Any CPU
		{D95D473B-19EB-4700-9A78-C37E68273172}.tt|Any CPU.ActiveCfg = tt|Any CPU
		{D95D473B-19EB-4700-9A78-C37E68273172}.tt|Any CPU.Build.0 = tt|Any CPU
	EndGlobalSection
	GlobalSection(SolutionProperties) = preSolution
		HideSolutionNode = FALSE
	EndGlobalSection
	GlobalSection(ExtensibilityGlobals) = postSolution
		SolutionGuid = {583D060A-18F6-47EC-A8E3-A5223EA40B9D}
	EndGlobalSection
EndGlobal
